
Microsoft Visual Studio Solution File, Format Version 12.00
# Visual Studio 2012
Project("{FAE04EC0-301F-11D3-BF4B-00C04F79EFBC}") = "HeptaSoft.Common", "HeptaSoft.Common\HeptaSoft.Common.csproj", "{A26872D3-6392-474A-A6A9-089C80E6A570}"
EndProject
Project("{FAE04EC0-301F-11D3-BF4B-00C04F79EFBC}") = "HeptaSoft.CommonTests", "HeptaSoft.CommonTests\HeptaSoft.CommonTests.csproj", "{ACBEF8F6-AF0C-45F7-BBEA-6A2EFC1A5149}"
EndProject
Global
	GlobalSection(SolutionConfigurationPlatforms) = preSolution
		Debug|Any CPU = Debug|Any CPU
		Release|Any CPU = Release|Any CPU
	EndGlobalSection
	GlobalSection(ProjectConfigurationPlatforms) = postSolution
		{A26872D3-6392-474A-A6A9-089C80E6A570}.Debug|Any CPU.ActiveCfg = Debug|Any CPU
		{A26872D3-6392-474A-A6A9-089C80E6A570}.Debug|Any CPU.Build.0 = Debug|Any CPU
		{A26872D3-6392-474A-A6A9-089C80E6A570}.Release|Any CPU.ActiveCfg = Release|Any CPU
		{A26872D3-6392-474A-A6A9-089C80E6A570}.Release|Any CPU.Build.0 = Release|Any CPU
		{ACBEF8F6-AF0C-45F7-BBEA-6A2EFC1A5149}.Debug|Any CPU.ActiveCfg = Debug|Any CPU
		{ACBEF8F6-AF0C-45F7-BBEA-6A2EFC1A5149}.Debug|Any CPU.Build.0 = Debug|Any CPU
		{ACBEF8F6-AF0C-45F7-BBEA-6A2EFC1A5149}.Release|Any CPU.ActiveCfg = Release|Any CPU
		{ACBEF8F6-AF0C-45F7-BBEA-6A2EFC1A5149}.Release|Any CPU.Build.0 = Release|Any CPU
	EndGlobalSection
	GlobalSection(SolutionProperties) = preSolution
		HideSolutionNode = FALSE
	EndGlobalSection
EndGlobal
